
Microsoft Visual Studio Solution File, Format Version 12.00
# Visual Studio Version 16
VisualStudioVersion = 16.0.808.3
MinimumVisualStudioVersion = 10.0.40219.1
Project("{FAE04EC0-301F-11D3-BF4B-00C04F79EFBC}") = "Code-off", "Code-off\Code-off.csproj", "{2FE06445-E133-4732-A7F7-AEFD68DE92FA}"
EndProject
Global
	GlobalSection(SolutionConfigurationPlatforms) = preSolution
		Debug|Any CPU = Debug|Any CPU
		Release|Any CPU = Release|Any CPU
	EndGlobalSection
	GlobalSection(ProjectConfigurationPlatforms) = postSolution
		{2FE06445-E133-4732-A7F7-AEFD68DE92FA}.Debug|Any CPU.ActiveCfg = Debug|Any CPU
		{2FE06445-E133-4732-A7F7-AEFD68DE92FA}.Debug|Any CPU.Build.0 = Debug|Any CPU
		{2FE06445-E133-4732-A7F7-AEFD68DE92FA}.Release|Any CPU.ActiveCfg = Release|Any CPU
		{2FE06445-E133-4732-A7F7-AEFD68DE92FA}.Release|Any CPU.Build.0 = Release|Any CPU
	EndGlobalSection
	GlobalSection(SolutionProperties) = preSolution
		HideSolutionNode = FALSE
	EndGlobalSection
	GlobalSection(ExtensibilityGlobals) = postSolution
		SolutionGuid = {51C0C908-9BD3-4EF4-9836-E1D64E661068}
	EndGlobalSection
EndGlobal
