
Microsoft Visual Studio Solution File, Format Version 12.00
# Visual Studio Version 16
VisualStudioVersion = 16.0.30907.101
MinimumVisualStudioVersion = 10.0.40219.1
Project("{FAE04EC0-301F-11D3-BF4B-00C04F79EFBC}") = "PasswordManager", "PasswordManager\PasswordManager.csproj", "{7322FECE-CFD2-4FA6-A084-F45636F12437}"
EndProject
Global
	GlobalSection(SolutionConfigurationPlatforms) = preSolution
		Debug|Any CPU = Debug|Any CPU
		Release|Any CPU = Release|Any CPU
	EndGlobalSection
	GlobalSection(ProjectConfigurationPlatforms) = postSolution
		{7322FECE-CFD2-4FA6-A084-F45636F12437}.Debug|Any CPU.ActiveCfg = Debug|Any CPU
		{7322FECE-CFD2-4FA6-A084-F45636F12437}.Debug|Any CPU.Build.0 = Debug|Any CPU
		{7322FECE-CFD2-4FA6-A084-F45636F12437}.Release|Any CPU.ActiveCfg = Release|Any CPU
		{7322FECE-CFD2-4FA6-A084-F45636F12437}.Release|Any CPU.Build.0 = Release|Any CPU
	EndGlobalSection
	GlobalSection(SolutionProperties) = preSolution
		HideSolutionNode = FALSE
	EndGlobalSection
	GlobalSection(ExtensibilityGlobals) = postSolution
		SolutionGuid = {F748F416-02F0-40A0-BBD3-04A61C187286}
	EndGlobalSection
EndGlobal
